
Microsoft Visual Studio Solution File, Format Version 12.00
# Visual Studio Version 17
VisualStudioVersion = 17.2.32630.192
MinimumVisualStudioVersion = 10.0.40219.1
Project("{FAE04EC0-301F-11D3-BF4B-00C04F79EFBC}") = "BDS_WEBAPI", "BDS_WEBAPI\BDS_WEBAPI.csproj", "{CDEBE297-484F-46BC-B6C8-56848B1CA2D9}"
EndProject
Global
	GlobalSection(SolutionConfigurationPlatforms) = preSolution
		Debug|Any CPU = Debug|Any CPU
		Release|Any CPU = Release|Any CPU
	EndGlobalSection
	GlobalSection(ProjectConfigurationPlatforms) = postSolution
		{CDEBE297-484F-46BC-B6C8-56848B1CA2D9}.Debug|Any CPU.ActiveCfg = Debug|Any CPU
		{CDEBE297-484F-46BC-B6C8-56848B1CA2D9}.Debug|Any CPU.Build.0 = Debug|Any CPU
		{CDEBE297-484F-46BC-B6C8-56848B1CA2D9}.Release|Any CPU.ActiveCfg = Release|Any CPU
		{CDEBE297-484F-46BC-B6C8-56848B1CA2D9}.Release|Any CPU.Build.0 = Release|Any CPU
	EndGlobalSection
	GlobalSection(SolutionProperties) = preSolution
		HideSolutionNode = FALSE
	EndGlobalSection
	GlobalSection(ExtensibilityGlobals) = postSolution
		SolutionGuid = {2103338D-FC3F-4FE6-937C-94888BD7EDB1}
	EndGlobalSection
EndGlobal
